{
  "name": "zingGrid-tutorial",
  "lockfileVersion": 2,
  "requires": true,
  "packages": {
    "": {
      "dependencies": {
        "zinggrid": "^1.2.7"
      }
    },
    "node_modules/zinggrid": {
      "version": "1.2.7",
      "resolved": "https://registry.npmjs.org/zinggrid/-/zinggrid-1.2.7.tgz",
      "integrity": "sha512-X9IhMZRtzLg1CaVcWuLph/l1EcXTVONjAHe02Z9TFw+dJ6NHGZG6Mt7PHl6DpnJOKchrqN095D2zmpTeoOvkdQ=="
    }
  },
  "dependencies": {
    "zinggrid": {
      "version": "1.2.7",
      "resolved": "https://registry.npmjs.org/zinggrid/-/zinggrid-1.2.7.tgz",
      "integrity": "sha512-X9IhMZRtzLg1CaVcWuLph/l1EcXTVONjAHe02Z9TFw+dJ6NHGZG6Mt7PHl6DpnJOKchrqN095D2zmpTeoOvkdQ=="
    }
  }
}
